// !$*UTF8*$!
{
	archiveVersion = 1;
	classes = {
	};
	objectVersion = 45;
	objects = {

/* Begin PBXBuildFile section */
		1DDD58160DA1D0A300B32029 /* MainMenu.xib in Resources */ = {isa = PBXBuildFile; fileRef = 1DDD58140DA1D0A300B32029 /* MainMenu.xib */; };
		8D11072B0486CEB800E47090 /* InfoPlist.strings in Resources */ = {isa = PBXBuildFile; fileRef = 089C165CFE840E0CC02AAC07 /* InfoPlist.strings */; };
		8D11072D0486CEB800E47090 /* main.m in Sources */ = {isa = PBXBuildFile; fileRef = 29B97316FDCFA39411CA2CEA /* main.m */; settings = {ATTRIBUTES = (); }; };
		8D11072F0486CEB800E47090 /* Cocoa.framework in Frameworks */ = {isa = PBXBuildFile; fileRef = 1058C7A1FEA54F0111CA2CBB /* Cocoa.framework */; };
		B83399BB0F6973D7007E674E /* hamcrest.framework in Frameworks */ = {isa = PBXBuildFile; fileRef = B83399B90F6973D7007E674E /* hamcrest.framework */; };
		B83399BC0F6973D7007E674E /* OCMock.framework in Frameworks */ = {isa = PBXBuildFile; fileRef = B83399BA0F6973D7007E674E /* OCMock.framework */; };
		B87EB4E20F63F15C009CA28E /* SyncTask.m in Sources */ = {isa = PBXBuildFile; fileRef = B87EB4E10F63F15C009CA28E /* SyncTask.m */; };
		B87EB55B0F64014E009CA28E /* NSData+NSDataExtensions.m in Sources */ = {isa = PBXBuildFile; fileRef = B87EB55A0F64014E009CA28E /* NSData+NSDataExtensions.m */; };
		B87EB55C0F64014E009CA28E /* NSData+NSDataExtensions.m in Sources */ = {isa = PBXBuildFile; fileRef = B87EB55A0F64014E009CA28E /* NSData+NSDataExtensions.m */; };
		B87EB56F0F6404EC009CA28E /* SyncPipe.m in Sources */ = {isa = PBXBuildFile; fileRef = B87EB56E0F6404EC009CA28E /* SyncPipe.m */; };
		B889859C0F657C4300FE59FE /* NSProcessInfo+extras.m in Sources */ = {isa = PBXBuildFile; fileRef = B889859B0F657C4300FE59FE /* NSProcessInfo+extras.m */; };
		B889859D0F657C4300FE59FE /* NSProcessInfo+extras.m in Sources */ = {isa = PBXBuildFile; fileRef = B889859B0F657C4300FE59FE /* NSProcessInfo+extras.m */; };
		B8D29AC20F5C3F34004AE6B5 /* GTMSenTestCase.m in Sources */ = {isa = PBXBuildFile; fileRef = B8D29AC10F5C3F34004AE6B5 /* GTMSenTestCase.m */; };
		B8ED7DB70F62C911002B5BA8 /* NSString+NSStringExtensions.m in Sources */ = {isa = PBXBuildFile; fileRef = B8ED7DB60F62C911002B5BA8 /* NSString+NSStringExtensions.m */; };
		B8ED7DB80F62C911002B5BA8 /* NSString+NSStringExtensions.m in Sources */ = {isa = PBXBuildFile; fileRef = B8ED7DB60F62C911002B5BA8 /* NSString+NSStringExtensions.m */; };
		B8ED7DC10F62C99E002B5BA8 /* ESSomeController.m in Sources */ = {isa = PBXBuildFile; fileRef = B8ED7DC00F62C99E002B5BA8 /* ESSomeController.m */; };
		B8ED7DC90F62C9E9002B5BA8 /* ESFileSystemDirectory.m in Sources */ = {isa = PBXBuildFile; fileRef = B8ED7DC40F62C9E9002B5BA8 /* ESFileSystemDirectory.m */; };
		B8ED7DCA0F62C9E9002B5BA8 /* ESFileSystemFile.m in Sources */ = {isa = PBXBuildFile; fileRef = B8ED7DC60F62C9E9002B5BA8 /* ESFileSystemFile.m */; };
		B8ED7DCB0F62C9E9002B5BA8 /* ESFileSystemItem.m in Sources */ = {isa = PBXBuildFile; fileRef = B8ED7DC80F62C9E9002B5BA8 /* ESFileSystemItem.m */; };
		B8ED7DCE0F62C9F9002B5BA8 /* .gitignore in Resources */ = {isa = PBXBuildFile; fileRef = B8ED7DCD0F62C9F9002B5BA8 /* .gitignore */; };
		CDB636E90F6FF95400F54A30 /* SenTestingKit.framework in Frameworks */ = {isa = PBXBuildFile; fileRef = CDB636E80F6FF95400F54A30 /* SenTestingKit.framework */; };
		CDB637020F6FF9A500F54A30 /* ESFileSystemItemSpec.m in Sources */ = {isa = PBXBuildFile; fileRef = CDB636FF0F6FF9A500F54A30 /* ESFileSystemItemSpec.m */; };
		CDB637030F6FF9A500F54A30 /* SyncPipeSpec.m in Sources */ = {isa = PBXBuildFile; fileRef = CDB637000F6FF9A500F54A30 /* SyncPipeSpec.m */; };
		CDB637040F6FF9A500F54A30 /* SyncTaskSpec.m in Sources */ = {isa = PBXBuildFile; fileRef = CDB637010F6FF9A500F54A30 /* SyncTaskSpec.m */; };
		CDCE5B5B0F63DE88002B198A /* ESDrawerController.m in Sources */ = {isa = PBXBuildFile; fileRef = CDCE5B5A0F63DE88002B198A /* ESDrawerController.m */; };
/* End PBXBuildFile section */

/* Begin PBXContainerItemProxy section */
		B8ECF3390F2F5F4B00D14C0D /* PBXContainerItemProxy */ = {
			isa = PBXContainerItemProxy;
			containerPortal = 29B97313FDCFA39411CA2CEA /* Project object */;
			proxyType = 1;
			remoteGlobalIDString = 8D1107260486CEB800E47090;
			remoteInfo = differential;
		};
/* End PBXContainerItemProxy section */

/* Begin PBXFileReference section */
		089C165DFE840E0CC02AAC07 /* English */ = {isa = PBXFileReference; fileEncoding = 10; lastKnownFileType = text.plist.strings; name = English; path = English.lproj/InfoPlist.strings; sourceTree = "<group>"; };
		1058C7A1FEA54F0111CA2CBB /* Cocoa.framework */ = {isa = PBXFileReference; lastKnownFileType = wrapper.framework; name = Cocoa.framework; path = /System/Library/Frameworks/Cocoa.framework; sourceTree = "<absolute>"; };
		13E42FB307B3F0F600E4EEF1 /* CoreData.framework */ = {isa = PBXFileReference; lastKnownFileType = wrapper.framework; name = CoreData.framework; path = /System/Library/Frameworks/CoreData.framework; sourceTree = "<absolute>"; };
		1DDD58150DA1D0A300B32029 /* English */ = {isa = PBXFileReference; lastKnownFileType = file.xib; name = English; path = English.lproj/MainMenu.xib; sourceTree = "<group>"; };
		29B97316FDCFA39411CA2CEA /* main.m */ = {isa = PBXFileReference; fileEncoding = 4; lastKnownFileType = sourcecode.c.objc; path = main.m; sourceTree = "<group>"; };
		29B97324FDCFA39411CA2CEA /* AppKit.framework */ = {isa = PBXFileReference; lastKnownFileType = wrapper.framework; name = AppKit.framework; path = /System/Library/Frameworks/AppKit.framework; sourceTree = "<absolute>"; };
		29B97325FDCFA39411CA2CEA /* Foundation.framework */ = {isa = PBXFileReference; lastKnownFileType = wrapper.framework; name = Foundation.framework; path = /System/Library/Frameworks/Foundation.framework; sourceTree = "<absolute>"; };
		32CA4F630368D1EE00C91783 /* differential_Prefix.pch */ = {isa = PBXFileReference; fileEncoding = 4; lastKnownFileType = sourcecode.c.h; path = differential_Prefix.pch; sourceTree = "<group>"; };
		8D1107310486CEB800E47090 /* Info.plist */ = {isa = PBXFileReference; fileEncoding = 4; lastKnownFileType = text.plist.xml; path = Info.plist; sourceTree = "<group>"; };
		8D1107320486CEB800E47090 /* differential.app */ = {isa = PBXFileReference; explicitFileType = wrapper.application; includeInIndex = 0; path = differential.app; sourceTree = BUILT_PRODUCTS_DIR; };
		B83399B90F6973D7007E674E /* hamcrest.framework */ = {isa = PBXFileReference; lastKnownFileType = wrapper.framework; name = hamcrest.framework; path = Frameworks/hamcrest.framework; sourceTree = SOURCE_ROOT; };
		B83399BA0F6973D7007E674E /* OCMock.framework */ = {isa = PBXFileReference; lastKnownFileType = wrapper.framework; name = OCMock.framework; path = Frameworks/OCMock.framework; sourceTree = "<group>"; };
		B87EB4E00F63F15C009CA28E /* SyncTask.h */ = {isa = PBXFileReference; fileEncoding = 4; lastKnownFileType = sourcecode.c.h; path = SyncTask.h; sourceTree = "<group>"; };
		B87EB4E10F63F15C009CA28E /* SyncTask.m */ = {isa = PBXFileReference; fileEncoding = 4; lastKnownFileType = sourcecode.c.objc; path = SyncTask.m; sourceTree = "<group>"; };
		B87EB5590F64014E009CA28E /* NSData+NSDataExtensions.h */ = {isa = PBXFileReference; fileEncoding = 4; lastKnownFileType = sourcecode.c.h; path = "NSData+NSDataExtensions.h"; sourceTree = "<group>"; };
		B87EB55A0F64014E009CA28E /* NSData+NSDataExtensions.m */ = {isa = PBXFileReference; fileEncoding = 4; lastKnownFileType = sourcecode.c.objc; path = "NSData+NSDataExtensions.m"; sourceTree = "<group>"; };
		B87EB56D0F6404EC009CA28E /* SyncPipe.h */ = {isa = PBXFileReference; fileEncoding = 4; lastKnownFileType = sourcecode.c.h; path = SyncPipe.h; sourceTree = "<group>"; };
		B87EB56E0F6404EC009CA28E /* SyncPipe.m */ = {isa = PBXFileReference; fileEncoding = 4; lastKnownFileType = sourcecode.c.objc; path = SyncPipe.m; sourceTree = "<group>"; };
		B889859A0F657C4300FE59FE /* NSProcessInfo+extras.h */ = {isa = PBXFileReference; fileEncoding = 4; lastKnownFileType = sourcecode.c.h; path = "NSProcessInfo+extras.h"; sourceTree = "<group>"; };
		B889859B0F657C4300FE59FE /* NSProcessInfo+extras.m */ = {isa = PBXFileReference; fileEncoding = 4; lastKnownFileType = sourcecode.c.objc; path = "NSProcessInfo+extras.m"; sourceTree = "<group>"; };
		B89E6F880F629CFA00E4C978 /* SpecHelper.h */ = {isa = PBXFileReference; fileEncoding = 4; lastKnownFileType = sourcecode.c.h; path = SpecHelper.h; sourceTree = "<group>"; };
		B89E70230F62B8C000E4C978 /* Rakefile */ = {isa = PBXFileReference; fileEncoding = 4; lastKnownFileType = text; path = Rakefile; sourceTree = "<group>"; xcLanguageSpecificationIdentifier = xcode.lang.ruby; };
		B8D29ABF0F5C3F34004AE6B5 /* GTMDefines.h */ = {isa = PBXFileReference; fileEncoding = 4; lastKnownFileType = sourcecode.c.h; path = GTMDefines.h; sourceTree = "<group>"; };
		B8D29AC00F5C3F34004AE6B5 /* GTMSenTestCase.h */ = {isa = PBXFileReference; fileEncoding = 4; lastKnownFileType = sourcecode.c.h; path = GTMSenTestCase.h; sourceTree = "<group>"; };
		B8D29AC10F5C3F34004AE6B5 /* GTMSenTestCase.m */ = {isa = PBXFileReference; fileEncoding = 4; lastKnownFileType = sourcecode.c.objc; path = GTMSenTestCase.m; sourceTree = "<group>"; };
		B8ECF3340F2F5F4400D14C0D /* specs.octest */ = {isa = PBXFileReference; explicitFileType = wrapper.cfbundle; includeInIndex = 0; path = specs.octest; sourceTree = BUILT_PRODUCTS_DIR; };
		B8ECF3350F2F5F4400D14C0D /* specs-Info.plist */ = {isa = PBXFileReference; lastKnownFileType = text.plist.xml; path = "specs-Info.plist"; sourceTree = "<group>"; };
		B8ED7DB50F62C911002B5BA8 /* NSString+NSStringExtensions.h */ = {isa = PBXFileReference; fileEncoding = 4; lastKnownFileType = sourcecode.c.h; path = "NSString+NSStringExtensions.h"; sourceTree = "<group>"; };
		B8ED7DB60F62C911002B5BA8 /* NSString+NSStringExtensions.m */ = {isa = PBXFileReference; fileEncoding = 4; lastKnownFileType = sourcecode.c.objc; path = "NSString+NSStringExtensions.m"; sourceTree = "<group>"; };
		B8ED7DBF0F62C99E002B5BA8 /* ESSomeController.h */ = {isa = PBXFileReference; fileEncoding = 4; lastKnownFileType = sourcecode.c.h; path = ESSomeController.h; sourceTree = "<group>"; };
		B8ED7DC00F62C99E002B5BA8 /* ESSomeController.m */ = {isa = PBXFileReference; fileEncoding = 4; lastKnownFileType = sourcecode.c.objc; path = ESSomeController.m; sourceTree = "<group>"; };
		B8ED7DC30F62C9E9002B5BA8 /* ESFileSystemDirectory.h */ = {isa = PBXFileReference; fileEncoding = 4; lastKnownFileType = sourcecode.c.h; path = ESFileSystemDirectory.h; sourceTree = "<group>"; };
		B8ED7DC40F62C9E9002B5BA8 /* ESFileSystemDirectory.m */ = {isa = PBXFileReference; fileEncoding = 4; lastKnownFileType = sourcecode.c.objc; path = ESFileSystemDirectory.m; sourceTree = "<group>"; };
		B8ED7DC50F62C9E9002B5BA8 /* ESFileSystemFile.h */ = {isa = PBXFileReference; fileEncoding = 4; lastKnownFileType = sourcecode.c.h; path = ESFileSystemFile.h; sourceTree = "<group>"; };
		B8ED7DC60F62C9E9002B5BA8 /* ESFileSystemFile.m */ = {isa = PBXFileReference; fileEncoding = 4; lastKnownFileType = sourcecode.c.objc; path = ESFileSystemFile.m; sourceTree = "<group>"; };
		B8ED7DC70F62C9E9002B5BA8 /* ESFileSystemItem.h */ = {isa = PBXFileReference; fileEncoding = 4; lastKnownFileType = sourcecode.c.h; path = ESFileSystemItem.h; sourceTree = "<group>"; };
		B8ED7DC80F62C9E9002B5BA8 /* ESFileSystemItem.m */ = {isa = PBXFileReference; fileEncoding = 4; lastKnownFileType = sourcecode.c.objc; path = ESFileSystemItem.m; sourceTree = "<group>"; };
		B8ED7DCD0F62C9F9002B5BA8 /* .gitignore */ = {isa = PBXFileReference; fileEncoding = 4; lastKnownFileType = text; path = .gitignore; sourceTree = "<group>"; };
		CDB636E80F6FF95400F54A30 /* SenTestingKit.framework */ = {isa = PBXFileReference; lastKnownFileType = wrapper.framework; name = SenTestingKit.framework; path = Library/Frameworks/SenTestingKit.framework; sourceTree = DEVELOPER_DIR; };
		CDB636FF0F6FF9A500F54A30 /* ESFileSystemItemSpec.m */ = {isa = PBXFileReference; fileEncoding = 4; lastKnownFileType = sourcecode.c.objc; path = ESFileSystemItemSpec.m; sourceTree = "<group>"; };
		CDB637000F6FF9A500F54A30 /* SyncPipeSpec.m */ = {isa = PBXFileReference; fileEncoding = 4; lastKnownFileType = sourcecode.c.objc; path = SyncPipeSpec.m; sourceTree = "<group>"; };
		CDB637010F6FF9A500F54A30 /* SyncTaskSpec.m */ = {isa = PBXFileReference; fileEncoding = 4; lastKnownFileType = sourcecode.c.objc; path = SyncTaskSpec.m; sourceTree = "<group>"; };
		CDCE5B590F63DE88002B198A /* ESDrawerController.h */ = {isa = PBXFileReference; fileEncoding = 4; lastKnownFileType = sourcecode.c.h; path = ESDrawerController.h; sourceTree = "<group>"; };
		CDCE5B5A0F63DE88002B198A /* ESDrawerController.m */ = {isa = PBXFileReference; fileEncoding = 4; lastKnownFileType = sourcecode.c.objc; path = ESDrawerController.m; sourceTree = "<group>"; };
/* End PBXFileReference section */

/* Begin PBXFrameworksBuildPhase section */
		8D11072E0486CEB800E47090 /* Frameworks */ = {
			isa = PBXFrameworksBuildPhase;
			buildActionMask = 2147483647;
			files = (
				8D11072F0486CEB800E47090 /* Cocoa.framework in Frameworks */,
			);
			runOnlyForDeploymentPostprocessing = 0;
		};
		B8ECF3310F2F5F4400D14C0D /* Frameworks */ = {
			isa = PBXFrameworksBuildPhase;
			buildActionMask = 2147483647;
			files = (
				B83399BB0F6973D7007E674E /* hamcrest.framework in Frameworks */,
				B83399BC0F6973D7007E674E /* OCMock.framework in Frameworks */,
				CDB636E90F6FF95400F54A30 /* SenTestingKit.framework in Frameworks */,
			);
			runOnlyForDeploymentPostprocessing = 0;
		};
/* End PBXFrameworksBuildPhase section */

/* Begin PBXGroup section */
		1058C7A0FEA54F0111CA2CBB /* Linked Frameworks */ = {
			isa = PBXGroup;
			children = (
				1058C7A1FEA54F0111CA2CBB /* Cocoa.framework */,
			);
			name = "Linked Frameworks";
			sourceTree = "<group>";
		};
		1058C7A2FEA54F0111CA2CBB /* Other Frameworks */ = {
			isa = PBXGroup;
			children = (
				29B97324FDCFA39411CA2CEA /* AppKit.framework */,
				13E42FB307B3F0F600E4EEF1 /* CoreData.framework */,
				29B97325FDCFA39411CA2CEA /* Foundation.framework */,
			);
			name = "Other Frameworks";
			sourceTree = "<group>";
		};
		19C28FACFE9D520D11CA2CBB /* Products */ = {
			isa = PBXGroup;
			children = (
				8D1107320486CEB800E47090 /* differential.app */,
				B8ECF3340F2F5F4400D14C0D /* specs.octest */,
			);
			name = Products;
			sourceTree = "<group>";
		};
		29B97314FDCFA39411CA2CEA /* differential */ = {
			isa = PBXGroup;
			children = (
				B8D29AC30F5C3F48004AE6B5 /* Classes */,
				B8D29ABD0F5C3F34004AE6B5 /* Lib */,
				B8D29ABC0F5C3F26004AE6B5 /* Spec */,
				29B97315FDCFA39411CA2CEA /* Other Sources */,
				29B97317FDCFA39411CA2CEA /* Resources */,
				29B97323FDCFA39411CA2CEA /* Frameworks */,
				19C28FACFE9D520D11CA2CBB /* Products */,
				B8ECF3350F2F5F4400D14C0D /* specs-Info.plist */,
			);
			name = differential;
			sourceTree = "<group>";
		};
		29B97315FDCFA39411CA2CEA /* Other Sources */ = {
			isa = PBXGroup;
			children = (
				32CA4F630368D1EE00C91783 /* differential_Prefix.pch */,
				29B97316FDCFA39411CA2CEA /* main.m */,
				B89E70230F62B8C000E4C978 /* Rakefile */,
			);
			name = "Other Sources";
			sourceTree = "<group>";
		};
		29B97317FDCFA39411CA2CEA /* Resources */ = {
			isa = PBXGroup;
			children = (
				8D1107310486CEB800E47090 /* Info.plist */,
				089C165CFE840E0CC02AAC07 /* InfoPlist.strings */,
				1DDD58140DA1D0A300B32029 /* MainMenu.xib */,
			);
			name = Resources;
			sourceTree = "<group>";
		};
		29B97323FDCFA39411CA2CEA /* Frameworks */ = {
			isa = PBXGroup;
			children = (
				CDB636E80F6FF95400F54A30 /* SenTestingKit.framework */,
				B83399B90F6973D7007E674E /* hamcrest.framework */,
				B83399BA0F6973D7007E674E /* OCMock.framework */,
				1058C7A0FEA54F0111CA2CBB /* Linked Frameworks */,
				1058C7A2FEA54F0111CA2CBB /* Other Frameworks */,
			);
			name = Frameworks;
			sourceTree = "<group>";
		};
		B8D29ABC0F5C3F26004AE6B5 /* Spec */ = {
			isa = PBXGroup;
			children = (
				CDB636FE0F6FF9A500F54A30 /* Models */,
				B89E6F880F629CFA00E4C978 /* SpecHelper.h */,
			);
			path = Spec;
			sourceTree = "<group>";
		};
		B8D29ABD0F5C3F34004AE6B5 /* Lib */ = {
			isa = PBXGroup;
			children = (
				B8D29ABE0F5C3F34004AE6B5 /* UnitTesting */,
			);
			path = Lib;
			sourceTree = "<group>";
		};
		B8D29ABE0F5C3F34004AE6B5 /* UnitTesting */ = {
			isa = PBXGroup;
			children = (
				B8D29ABF0F5C3F34004AE6B5 /* GTMDefines.h */,
				B8D29AC00F5C3F34004AE6B5 /* GTMSenTestCase.h */,
				B8D29AC10F5C3F34004AE6B5 /* GTMSenTestCase.m */,
			);
			path = UnitTesting;
			sourceTree = "<group>";
		};
		B8D29AC30F5C3F48004AE6B5 /* Classes */ = {
			isa = PBXGroup;
			children = (
				B8ED7DCC0F62C9F9002B5BA8 /* Views */,
				B8ED7DC20F62C9E9002B5BA8 /* Models */,
				B8ED7DBE0F62C99E002B5BA8 /* Controllers */,
				B8ED7DB40F62C911002B5BA8 /* Additions */,
			);
			path = Classes;
			sourceTree = "<group>";
		};
		B8ED7DB40F62C911002B5BA8 /* Additions */ = {
			isa = PBXGroup;
			children = (
				B8ED7DB50F62C911002B5BA8 /* NSString+NSStringExtensions.h */,
				B8ED7DB60F62C911002B5BA8 /* NSString+NSStringExtensions.m */,
				B87EB5590F64014E009CA28E /* NSData+NSDataExtensions.h */,
				B87EB55A0F64014E009CA28E /* NSData+NSDataExtensions.m */,
				B889859A0F657C4300FE59FE /* NSProcessInfo+extras.h */,
				B889859B0F657C4300FE59FE /* NSProcessInfo+extras.m */,
			);
			path = Additions;
			sourceTree = "<group>";
		};
		B8ED7DBE0F62C99E002B5BA8 /* Controllers */ = {
			isa = PBXGroup;
			children = (
				B8ED7DBF0F62C99E002B5BA8 /* ESSomeController.h */,
				B8ED7DC00F62C99E002B5BA8 /* ESSomeController.m */,
				CDCE5B590F63DE88002B198A /* ESDrawerController.h */,
				CDCE5B5A0F63DE88002B198A /* ESDrawerController.m */,
			);
			path = Controllers;
			sourceTree = "<group>";
		};
		B8ED7DC20F62C9E9002B5BA8 /* Models */ = {
			isa = PBXGroup;
			children = (
				B87EB4E00F63F15C009CA28E /* SyncTask.h */,
				B87EB4E10F63F15C009CA28E /* SyncTask.m */,
				B8ED7DC30F62C9E9002B5BA8 /* ESFileSystemDirectory.h */,
				B8ED7DC40F62C9E9002B5BA8 /* ESFileSystemDirectory.m */,
				B8ED7DC50F62C9E9002B5BA8 /* ESFileSystemFile.h */,
				B8ED7DC60F62C9E9002B5BA8 /* ESFileSystemFile.m */,
				B8ED7DC70F62C9E9002B5BA8 /* ESFileSystemItem.h */,
				B8ED7DC80F62C9E9002B5BA8 /* ESFileSystemItem.m */,
				B87EB56D0F6404EC009CA28E /* SyncPipe.h */,
				B87EB56E0F6404EC009CA28E /* SyncPipe.m */,
			);
			path = Models;
			sourceTree = "<group>";
		};
		B8ED7DCC0F62C9F9002B5BA8 /* Views */ = {
			isa = PBXGroup;
			children = (
				B8ED7DCD0F62C9F9002B5BA8 /* .gitignore */,
			);
			path = Views;
			sourceTree = "<group>";
		};
		CDB636FE0F6FF9A500F54A30 /* Models */ = {
			isa = PBXGroup;
			children = (
				CDB636FF0F6FF9A500F54A30 /* ESFileSystemItemSpec.m */,
				CDB637000F6FF9A500F54A30 /* SyncPipeSpec.m */,
				CDB637010F6FF9A500F54A30 /* SyncTaskSpec.m */,
			);
			path = Models;
			sourceTree = "<group>";
		};
/* End PBXGroup section */

/* Begin PBXNativeTarget section */
		8D1107260486CEB800E47090 /* differential */ = {
			isa = PBXNativeTarget;
			buildConfigurationList = C01FCF4A08A954540054247B /* Build configuration list for PBXNativeTarget "differential" */;
			buildPhases = (
				8D1107290486CEB800E47090 /* Resources */,
				8D11072C0486CEB800E47090 /* Sources */,
				8D11072E0486CEB800E47090 /* Frameworks */,
			);
			buildRules = (
			);
			dependencies = (
			);
			name = differential;
			productInstallPath = "$(HOME)/Applications";
			productName = differential;
			productReference = 8D1107320486CEB800E47090 /* differential.app */;
			productType = "com.apple.product-type.application";
		};
		B8ECF3330F2F5F4400D14C0D /* specs */ = {
			isa = PBXNativeTarget;
			buildConfigurationList = B8ECF3380F2F5F4500D14C0D /* Build configuration list for PBXNativeTarget "specs" */;
			buildPhases = (
				B8ECF32F0F2F5F4400D14C0D /* Resources */,
				B8ECF3300F2F5F4400D14C0D /* Sources */,
				B8ECF3310F2F5F4400D14C0D /* Frameworks */,
				B8ECF3320F2F5F4400D14C0D /* ShellScript */,
			);
			buildRules = (
			);
			dependencies = (
				B8ECF33A0F2F5F4B00D14C0D /* PBXTargetDependency */,
			);
			name = specs;
			productName = specs;
			productReference = B8ECF3340F2F5F4400D14C0D /* specs.octest */;
			productType = "com.apple.product-type.bundle";
		};
/* End PBXNativeTarget section */

/* Begin PBXProject section */
		29B97313FDCFA39411CA2CEA /* Project object */ = {
			isa = PBXProject;
			buildConfigurationList = C01FCF4E08A954540054247B /* Build configuration list for PBXProject "differential" */;
			compatibilityVersion = "Xcode 3.1";
			hasScannedForEncodings = 1;
			mainGroup = 29B97314FDCFA39411CA2CEA /* differential */;
			projectDirPath = "";
			projectRoot = "";
			targets = (
				8D1107260486CEB800E47090 /* differential */,
				B8ECF3330F2F5F4400D14C0D /* specs */,
			);
		};
/* End PBXProject section */

/* Begin PBXResourcesBuildPhase section */
		8D1107290486CEB800E47090 /* Resources */ = {
			isa = PBXResourcesBuildPhase;
			buildActionMask = 2147483647;
			files = (
				8D11072B0486CEB800E47090 /* InfoPlist.strings in Resources */,
				1DDD58160DA1D0A300B32029 /* MainMenu.xib in Resources */,
				B8ED7DCE0F62C9F9002B5BA8 /* .gitignore in Resources */,
			);
			runOnlyForDeploymentPostprocessing = 0;
		};
		B8ECF32F0F2F5F4400D14C0D /* Resources */ = {
			isa = PBXResourcesBuildPhase;
			buildActionMask = 2147483647;
			files = (
			);
			runOnlyForDeploymentPostprocessing = 0;
		};
/* End PBXResourcesBuildPhase section */

/* Begin PBXShellScriptBuildPhase section */
		B8ECF3320F2F5F4400D14C0D /* ShellScript */ = {
			isa = PBXShellScriptBuildPhase;
			buildActionMask = 2147483647;
			files = (
			);
			inputPaths = (
			);
			outputPaths = (
			);
			runOnlyForDeploymentPostprocessing = 0;
			shellPath = /bin/sh;
			shellScript = "# Run the unit tests in this test bundle.\n\"${SYSTEM_DEVELOPER_DIR}/Tools/RunUnitTests\"\n";
		};
/* End PBXShellScriptBuildPhase section */

/* Begin PBXSourcesBuildPhase section */
		8D11072C0486CEB800E47090 /* Sources */ = {
			isa = PBXSourcesBuildPhase;
			buildActionMask = 2147483647;
			files = (
				8D11072D0486CEB800E47090 /* main.m in Sources */,
				B8ED7DB80F62C911002B5BA8 /* NSString+NSStringExtensions.m in Sources */,
				B8ED7DC10F62C99E002B5BA8 /* ESSomeController.m in Sources */,
				B8ED7DC90F62C9E9002B5BA8 /* ESFileSystemDirectory.m in Sources */,
				B8ED7DCA0F62C9E9002B5BA8 /* ESFileSystemFile.m in Sources */,
				B8ED7DCB0F62C9E9002B5BA8 /* ESFileSystemItem.m in Sources */,
				CDCE5B5B0F63DE88002B198A /* ESDrawerController.m in Sources */,
				B87EB4E20F63F15C009CA28E /* SyncTask.m in Sources */,
				B87EB55B0F64014E009CA28E /* NSData+NSDataExtensions.m in Sources */,
				B87EB56F0F6404EC009CA28E /* SyncPipe.m in Sources */,
				B889859D0F657C4300FE59FE /* NSProcessInfo+extras.m in Sources */,
			);
			runOnlyForDeploymentPostprocessing = 0;
		};
		B8ECF3300F2F5F4400D14C0D /* Sources */ = {
			isa = PBXSourcesBuildPhase;
			buildActionMask = 2147483647;
			files = (
				B8D29AC20F5C3F34004AE6B5 /* GTMSenTestCase.m in Sources */,
				B8ED7DB70F62C911002B5BA8 /* NSString+NSStringExtensions.m in Sources */,
				B87EB55C0F64014E009CA28E /* NSData+NSDataExtensions.m in Sources */,
				B889859C0F657C4300FE59FE /* NSProcessInfo+extras.m in Sources */,
				CDB637020F6FF9A500F54A30 /* ESFileSystemItemSpec.m in Sources */,
				CDB637030F6FF9A500F54A30 /* SyncPipeSpec.m in Sources */,
				CDB637040F6FF9A500F54A30 /* SyncTaskSpec.m in Sources */,
			);
			runOnlyForDeploymentPostprocessing = 0;
		};
/* End PBXSourcesBuildPhase section */

/* Begin PBXTargetDependency section */
		B8ECF33A0F2F5F4B00D14C0D /* PBXTargetDependency */ = {
			isa = PBXTargetDependency;
			target = 8D1107260486CEB800E47090 /* differential */;
			targetProxy = B8ECF3390F2F5F4B00D14C0D /* PBXContainerItemProxy */;
		};
/* End PBXTargetDependency section */

/* Begin PBXVariantGroup section */
		089C165CFE840E0CC02AAC07 /* InfoPlist.strings */ = {
			isa = PBXVariantGroup;
			children = (
				089C165DFE840E0CC02AAC07 /* English */,
			);
			name = InfoPlist.strings;
			sourceTree = "<group>";
		};
		1DDD58140DA1D0A300B32029 /* MainMenu.xib */ = {
			isa = PBXVariantGroup;
			children = (
				1DDD58150DA1D0A300B32029 /* English */,
			);
			name = MainMenu.xib;
			sourceTree = "<group>";
		};
/* End PBXVariantGroup section */

/* Begin XCBuildConfiguration section */
		B8ECF3360F2F5F4500D14C0D /* Debug */ = {
			isa = XCBuildConfiguration;
			buildSettings = {
				ALWAYS_SEARCH_USER_PATHS = YES;
				BUNDLE_LOADER = "$(BUILT_PRODUCTS_DIR)/differential.app/Contents/MacOS/differential";
				COPY_PHASE_STRIP = NO;
				FRAMEWORK_SEARCH_PATHS = (
					"$(DEVELOPER_LIBRARY_DIR)/Frameworks",
					"$(USER_LIBRARY_DIR)/Frameworks",
					"$(SRCROOT)/Frameworks",
					"$(SYSTEM_LIBRARY_DIR)/Frameworks",
				);
				GCC_DYNAMIC_NO_PIC = NO;
				GCC_ENABLE_FIX_AND_CONTINUE = NO;
				GCC_ENABLE_OBJC_EXCEPTIONS = YES;
				GCC_ENABLE_OBJC_GC = unsupported;
				GCC_MODEL_TUNING = G5;
				GCC_OPTIMIZATION_LEVEL = s;
				GCC_PRECOMPILE_PREFIX_HEADER = YES;
				GCC_PREFIX_HEADER = "$(SYSTEM_LIBRARY_DIR)/Frameworks/Cocoa.framework/Headers/Cocoa.h";
				INFOPLIST_FILE = "specs-Info.plist";
				INSTALL_PATH = "$(USER_LIBRARY_DIR)/Bundles";
				ONLY_ACTIVE_ARCH = YES;
				OTHER_LDFLAGS = (
					"-framework",
					Cocoa,
					"-framework",
					SenTestingKit,
				);
				PREBINDING = NO;
				PRODUCT_NAME = specs;
				TEST_HOST = "$(BUNDLE_LOADER)";
				WRAPPER_EXTENSION = octest;
			};
			name = Debug;
		};
		B8ECF3370F2F5F4500D14C0D /* Release */ = {
			isa = XCBuildConfiguration;
			buildSettings = {
				ALWAYS_SEARCH_USER_PATHS = YES;
				BUNDLE_LOADER = "$(BUILT_PRODUCTS_DIR)/differential.app/Contents/MacOS/differential";
				COPY_PHASE_STRIP = YES;
				DEBUG_INFORMATION_FORMAT = "dwarf-with-dsym";
				FRAMEWORK_SEARCH_PATHS = (
					"$(DEVELOPER_LIBRARY_DIR)/Frameworks",
					"$(USER_LIBRARY_DIR)/Frameworks",
					"$(SRCROOT)/Frameworks",
					"$(SYSTEM_LIBRARY_DIR)/Frameworks",
				);
				GCC_ENABLE_FIX_AND_CONTINUE = NO;
				GCC_ENABLE_OBJC_EXCEPTIONS = YES;
				GCC_ENABLE_OBJC_GC = unsupported;
				GCC_MODEL_TUNING = G5;
				GCC_OPTIMIZATION_LEVEL = s;
				GCC_PRECOMPILE_PREFIX_HEADER = YES;
				GCC_PREFIX_HEADER = "$(SYSTEM_LIBRARY_DIR)/Frameworks/Cocoa.framework/Headers/Cocoa.h";
				INFOPLIST_FILE = "specs-Info.plist";
				INSTALL_PATH = "$(USER_LIBRARY_DIR)/Bundles";
				ONLY_ACTIVE_ARCH = YES;
				OTHER_LDFLAGS = (
					"-framework",
					Cocoa,
					"-framework",
					SenTestingKit,
				);
				PREBINDING = NO;
				PRODUCT_NAME = specs;
				TEST_HOST = "$(BUNDLE_LOADER)";
				WRAPPER_EXTENSION = octest;
				ZERO_LINK = NO;
			};
			name = Release;
		};
		C01FCF4B08A954540054247B /* Debug */ = {
			isa = XCBuildConfiguration;
			buildSettings = {
				ALWAYS_SEARCH_USER_PATHS = NO;
				COPY_PHASE_STRIP = NO;
				FRAMEWORK_SEARCH_PATHS = (
					"$(SYSTEM_LIBRARY_DIR)/Frameworks",
					"$(USER_LIBRARY_DIR)/Frameworks",
				);
				GCC_DYNAMIC_NO_PIC = NO;
				GCC_ENABLE_FIX_AND_CONTINUE = YES;
				GCC_ENABLE_OBJC_GC = unsupported;
				GCC_MODEL_TUNING = G5;
				GCC_OPTIMIZATION_LEVEL = 0;
				GCC_PRECOMPILE_PREFIX_HEADER = YES;
				GCC_PREFIX_HEADER = differential_Prefix.pch;
				INFOPLIST_FILE = Info.plist;
				INSTALL_PATH = "$(HOME)/Applications";
				PRODUCT_NAME = differential;
			};
			name = Debug;
		};
		C01FCF4C08A954540054247B /* Release */ = {
			isa = XCBuildConfiguration;
			buildSettings = {
				ALWAYS_SEARCH_USER_PATHS = NO;
				DEBUG_INFORMATION_FORMAT = "dwarf-with-dsym";
				FRAMEWORK_SEARCH_PATHS = (
					"$(SYSTEM_LIBRARY_DIR)/Frameworks",
					"$(USER_LIBRARY_DIR)/Frameworks",
				);
				GCC_ENABLE_OBJC_GC = unsupported;
				GCC_MODEL_TUNING = G5;
				GCC_PRECOMPILE_PREFIX_HEADER = YES;
				GCC_PREFIX_HEADER = differential_Prefix.pch;
				INFOPLIST_FILE = Info.plist;
				INSTALL_PATH = "$(HOME)/Applications";
				PRODUCT_NAME = differential;
			};
			name = Release;
		};
		C01FCF4F08A954540054247B /* Debug */ = {
			isa = XCBuildConfiguration;
			buildSettings = {
				ARCHS = "$(ARCHS_STANDARD_32_BIT)";
				FRAMEWORK_SEARCH_PATHS = "";
				GCC_C_LANGUAGE_STANDARD = c99;
				GCC_OPTIMIZATION_LEVEL = 0;
				GCC_WARN_ABOUT_RETURN_TYPE = YES;
				GCC_WARN_UNUSED_VARIABLE = YES;
				ONLY_ACTIVE_ARCH = YES;
				PREBINDING = NO;
				SDKROOT = macosx10.5;
			};
			name = Debug;
		};
		C01FCF5008A954540054247B /* Release */ = {
			isa = XCBuildConfiguration;
			buildSettings = {
				ARCHS = "$(ARCHS_STANDARD_32_BIT)";
				FRAMEWORK_SEARCH_PATHS = "";
				GCC_C_LANGUAGE_STANDARD = c99;
				GCC_WARN_ABOUT_RETURN_TYPE = YES;
				GCC_WARN_UNUSED_VARIABLE = YES;
				PREBINDING = NO;
				SDKROOT = macosx10.5;
			};
			name = Release;
		};
/* End XCBuildConfiguration section */

/* Begin XCConfigurationList section */
		B8ECF3380F2F5F4500D14C0D /* Build configuration list for PBXNativeTarget "specs" */ = {
			isa = XCConfigurationList;
			buildConfigurations = (
				B8ECF3360F2F5F4500D14C0D /* Debug */,
				B8ECF3370F2F5F4500D14C0D /* Release */,
			);
			defaultConfigurationIsVisible = 0;
			defaultConfigurationName = Release;
		};
		C01FCF4A08A954540054247B /* Build configuration list for PBXNativeTarget "differential" */ = {
			isa = XCConfigurationList;
			buildConfigurations = (
				C01FCF4B08A954540054247B /* Debug */,
				C01FCF4C08A954540054247B /* Release */,
			);
			defaultConfigurationIsVisible = 0;
			defaultConfigurationName = Release;
		};
		C01FCF4E08A954540054247B /* Build configuration list for PBXProject "differential" */ = {
			isa = XCConfigurationList;
			buildConfigurations = (
				C01FCF4F08A954540054247B /* Debug */,
				C01FCF5008A954540054247B /* Release */,
			);
			defaultConfigurationIsVisible = 0;
			defaultConfigurationName = Release;
		};
/* End XCConfigurationList section */
	};
	rootObject = 29B97313FDCFA39411CA2CEA /* Project object */;
}
